
Microsoft Visual Studio Solution File, Format Version 12.00
# Visual Studio Version 17
VisualStudioVersion = 17.5.33530.505
MinimumVisualStudioVersion = 10.0.40219.1
Project("{FAE04EC0-301F-11D3-BF4B-00C04F79EFBC}") = "final", "final\final.csproj", "{AE545024-29B7-45DB-A8B7-53AB80CFF20B}"
EndProject
Global
	GlobalSection(SolutionConfigurationPlatforms) = preSolution
		Debug|Any CPU = Debug|Any CPU
		Release|Any CPU = Release|Any CPU
	EndGlobalSection
	GlobalSection(ProjectConfigurationPlatforms) = postSolution
		{AE545024-29B7-45DB-A8B7-53AB80CFF20B}.Debug|Any CPU.ActiveCfg = Debug|Any CPU
		{AE545024-29B7-45DB-A8B7-53AB80CFF20B}.Debug|Any CPU.Build.0 = Debug|Any CPU
		{AE545024-29B7-45DB-A8B7-53AB80CFF20B}.Release|Any CPU.ActiveCfg = Release|Any CPU
		{AE545024-29B7-45DB-A8B7-53AB80CFF20B}.Release|Any CPU.Build.0 = Release|Any CPU
	EndGlobalSection
	GlobalSection(SolutionProperties) = preSolution
		HideSolutionNode = FALSE
	EndGlobalSection
	GlobalSection(ExtensibilityGlobals) = postSolution
		SolutionGuid = {06884090-8C93-4D2E-A53C-884EA32DBC6B}
	EndGlobalSection
EndGlobal
